
Microsoft Visual Studio Solution File, Format Version 12.00
# Visual Studio Version 16
VisualStudioVersion = 16.0.29418.71
MinimumVisualStudioVersion = 10.0.40219.1
Project("{FAE04EC0-301F-11D3-BF4B-00C04F79EFBC}") = "proveedores-XamAndroid", "proveedores-XamAndroid.csproj", "{A77C4E82-F5B7-457C-9E77-F0A533D8A653}"
EndProject
Global
	GlobalSection(SolutionConfigurationPlatforms) = preSolution
		Debug|Any CPU = Debug|Any CPU
		Release|Any CPU = Release|Any CPU
	EndGlobalSection
	GlobalSection(ProjectConfigurationPlatforms) = postSolution
		{A77C4E82-F5B7-457C-9E77-F0A533D8A653}.Debug|Any CPU.ActiveCfg = Debug|Any CPU
		{A77C4E82-F5B7-457C-9E77-F0A533D8A653}.Debug|Any CPU.Build.0 = Debug|Any CPU
		{A77C4E82-F5B7-457C-9E77-F0A533D8A653}.Debug|Any CPU.Deploy.0 = Debug|Any CPU
		{A77C4E82-F5B7-457C-9E77-F0A533D8A653}.Release|Any CPU.ActiveCfg = Release|Any CPU
		{A77C4E82-F5B7-457C-9E77-F0A533D8A653}.Release|Any CPU.Build.0 = Release|Any CPU
		{A77C4E82-F5B7-457C-9E77-F0A533D8A653}.Release|Any CPU.Deploy.0 = Release|Any CPU
	EndGlobalSection
	GlobalSection(SolutionProperties) = preSolution
		HideSolutionNode = FALSE
	EndGlobalSection
	GlobalSection(ExtensibilityGlobals) = postSolution
		SolutionGuid = {D7D45927-B064-4348-AB5B-CADD35C2CE8B}
	EndGlobalSection
EndGlobal
